{
  "requires": true,
  "lockfileVersion": 1,
  "dependencies": {
    "bootstrap-autocomplete": {
      "version": "2.3.5",
      "resolved": "https://registry.npmjs.org/bootstrap-autocomplete/-/bootstrap-autocomplete-2.3.5.tgz",
      "integrity": "sha512-D0ZNqT/Pjxplbn2V7BkUCG8IOg9RykP0osH0X1szZ6GY/e46RywyApNbCk+SGd4WnFssxmHJwcSCA1cKsQOU4Q=="
    }
  }
}
